PODS:
  - OLImageView (1.6.0):
    - OLImageView/Core (= 1.6.0)
  - OLImageView/Core (1.6.0)

DEPENDENCIES:
  - OLImageView (from `./`)

EXTERNAL SOURCES:
  OLImageView:
    :path: "./"

SPEC CHECKSUMS:
  OLImageView: b5f35d6e8710296afdc36898e0ad29c81425b3fe

PODFILE CHECKSUM: 1e7f3b88dd8752da36f7f3be2360893b87526950

COCOAPODS: 1.7.2
